
Microsoft Visual Studio Solution File, Format Version 12.00
# Visual Studio Version 17
VisualStudioVersion = 17.1.32319.34
MinimumVisualStudioVersion = 10.0.40219.1
Project("{FAE04EC0-301F-11D3-BF4B-00C04F79EFBC}") = "Administrador Tareas", "Administrador Tareas.csproj", "{54F1E7A6-F65B-4933-8DC2-95C0280ABF18}"
EndProject
Project("{2150E333-8FDC-42A3-9474-1A3956D46DE8}") = "Solution Items", "Solution Items", "{B8E597FD-7BBF-4CD3-B45A-ECA8B1789902}"
	ProjectSection(SolutionItems) = preProject
		.editorconfig = .editorconfig
	EndProjectSection
EndProject
Global
	GlobalSection(SolutionConfigurationPlatforms) = preSolution
		Debug|Any CPU = Debug|Any CPU
		Release|Any CPU = Release|Any CPU
	EndGlobalSection
	GlobalSection(ProjectConfigurationPlatforms) = postSolution
		{54F1E7A6-F65B-4933-8DC2-95C0280ABF18}.Debug|Any CPU.ActiveCfg = Debug|Any CPU
		{54F1E7A6-F65B-4933-8DC2-95C0280ABF18}.Debug|Any CPU.Build.0 = Debug|Any CPU
		{54F1E7A6-F65B-4933-8DC2-95C0280ABF18}.Release|Any CPU.ActiveCfg = Release|Any CPU
		{54F1E7A6-F65B-4933-8DC2-95C0280ABF18}.Release|Any CPU.Build.0 = Release|Any CPU
	EndGlobalSection
	GlobalSection(SolutionProperties) = preSolution
		HideSolutionNode = FALSE
	EndGlobalSection
	GlobalSection(ExtensibilityGlobals) = postSolution
		SolutionGuid = {468C09C9-7103-44D9-AEE6-53F9A6AE1C59}
	EndGlobalSection
EndGlobal
