
Microsoft Visual Studio Solution File, Format Version 12.00
# Visual Studio Version 17
VisualStudioVersion = 17.1.32319.34
MinimumVisualStudioVersion = 10.0.40219.1
Project("{FAE04EC0-301F-11D3-BF4B-00C04F79EFBC}") = "Gestor_Tarea", "Gestor_Tarea.csproj", "{D37C45AF-B4FA-4E0F-A22C-1F942D8D9BD8}"
EndProject
Global
	GlobalSection(SolutionConfigurationPlatforms) = preSolution
		Debug|Any CPU = Debug|Any CPU
		Release|Any CPU = Release|Any CPU
	EndGlobalSection
	GlobalSection(ProjectConfigurationPlatforms) = postSolution
		{D37C45AF-B4FA-4E0F-A22C-1F942D8D9BD8}.Debug|Any CPU.ActiveCfg = Debug|Any CPU
		{D37C45AF-B4FA-4E0F-A22C-1F942D8D9BD8}.Debug|Any CPU.Build.0 = Debug|Any CPU
		{D37C45AF-B4FA-4E0F-A22C-1F942D8D9BD8}.Release|Any CPU.ActiveCfg = Release|Any CPU
		{D37C45AF-B4FA-4E0F-A22C-1F942D8D9BD8}.Release|Any CPU.Build.0 = Release|Any CPU
	EndGlobalSection
	GlobalSection(SolutionProperties) = preSolution
		HideSolutionNode = FALSE
	EndGlobalSection
	GlobalSection(ExtensibilityGlobals) = postSolution
		SolutionGuid = {681AEFC6-DF76-4497-A0DD-D86E8F1F0BF6}
	EndGlobalSection
EndGlobal
